
Microsoft Visual Studio Solution File, Format Version 12.00
# Visual Studio 15
VisualStudioVersion = 15.0.28010.2046
MinimumVisualStudioVersion = 10.0.40219.1
Project("{FAE04EC0-301F-11D3-BF4B-00C04F79EFBC}") = "CurrencyFormatConverter1", "CurrencyFormatConverter1\CurrencyFormatConverter1.csproj", "{81E204ED-6BF7-4275-95A2-A2DEF3B99714}"
EndProject
Global
	GlobalSection(SolutionConfigurationPlatforms) = preSolution
		Debug|Any CPU = Debug|Any CPU
		Release|Any CPU = Release|Any CPU
	EndGlobalSection
	GlobalSection(ProjectConfigurationPlatforms) = postSolution
		{81E204ED-6BF7-4275-95A2-A2DEF3B99714}.Debug|Any CPU.ActiveCfg = Debug|Any CPU
		{81E204ED-6BF7-4275-95A2-A2DEF3B99714}.Debug|Any CPU.Build.0 = Debug|Any CPU
		{81E204ED-6BF7-4275-95A2-A2DEF3B99714}.Release|Any CPU.ActiveCfg = Release|Any CPU
		{81E204ED-6BF7-4275-95A2-A2DEF3B99714}.Release|Any CPU.Build.0 = Release|Any CPU
	EndGlobalSection
	GlobalSection(SolutionProperties) = preSolution
		HideSolutionNode = FALSE
	EndGlobalSection
	GlobalSection(ExtensibilityGlobals) = postSolution
		SolutionGuid = {43079285-3895-4203-8828-92BF7A66FEA7}
	EndGlobalSection
EndGlobal
